<?xml version="1.0" encoding="utf-8"?>
<Project ToolsVersion="4.0" xmlns="http://schemas.microsoft.com/developer/msbuild/2003">
  <ItemGroup>
    <Filter Include="소스 파일">
      <UniqueIdentifier>{4FC737F1-C7A5-4376-A066-2A32D752A2FF}</UniqueIdentifier>
      <Extensions>cpp;c;cc;cxx;def;odl;idl;hpj;bat;asm;asmx</Extensions>
    </Filter>
    <Filter Include="헤더 파일">
      <UniqueIdentifier>{93995380-89BD-4b04-88EB-625FBE52EBFB}</UniqueIdentifier>
      <Extensions>h;hh;hpp;hxx;hm;inl;inc;xsd</Extensions>
    </Filter>
    <Filter Include="리소스 파일">
      <UniqueIdentifier>{67DA6AB6-F800-4c08-8B7A-83BB121AAD01}</UniqueIdentifier>
      <Extensions>rc;ico;cur;bmp;dlg;rc2;rct;bin;rgs;gif;jpg;jpeg;jpe;resx;tiff;tif;png;wav;mfcribbon-ms</Extensions>
    </Filter>
    <Filter Include="소스 파일\Shaders">
      <UniqueIdentifier>{aa86e47f-445f-4440-9a76-173363b46c4e}</UniqueIdentifier>
    </Filter>
    <Filter Include="GameObject">
      <UniqueIdentifier>{6ea2b0cc-f008-4a43-9dfe-89cb537c67c6}</UniqueIdentifier>
    </Filter>
    <Filter Include="Scene">
      <UniqueIdentifier>{ee96b513-89be-45d4-a725-96e434337c3c}</UniqueIdentifier>
    </Filter>
    <Filter Include="GameObject\Building">
      <UniqueIdentifier>{c9096566-a9cc-4667-b3b7-938703d5bfce}</UniqueIdentifier>
    </Filter>
    <Filter Include="PCH">
      <UniqueIdentifier>{f3103456-adbc-4dca-b093-16faea6e66e5}</UniqueIdentifier>
    </Filter>
    <Filter Include="Renderer">
      <UniqueIdentifier>{e46129bf-0d6f-480e-846e-6325f6d96510}</UniqueIdentifier>
    </Filter>
    <Filter Include="Renderer\ImageLoader">
      <UniqueIdentifier>{28ac6487-a6ff-4012-80c8-40e7d2c975c0}</UniqueIdentifier>
    </Filter>
    <Filter Include="Renderer\Sound">
      <UniqueIdentifier>{0919ee9a-5990-45ca-afee-cacb5e9f4a84}</UniqueIdentifier>
    </Filter>
  </ItemGroup>
  <ItemGroup>
    <Text Include="ReadMe.txt" />
  </ItemGroup>
  <ItemGroup>
    <ClInclude Include="targetver.h">
      <Filter>헤더 파일</Filter>
    </ClInclude>
    <ClInclude Include="CRectangle.h">
      <Filter>GameObject</Filter>
    </ClInclude>
    <ClInclude Include="GameObject.h">
      <Filter>GameObject</Filter>
    </ClInclude>
    <ClInclude Include="SceneMgr.h">
      <Filter>Scene</Filter>
    </ClInclude>
    <ClInclude Include="Building.h">
      <Filter>GameObject\Building</Filter>
    </ClInclude>
    <ClInclude Include="stdafx.h">
      <Filter>PCH</Filter>
    </ClInclude>
    <ClInclude Include="Renderer.h">
      <Filter>Renderer</Filter>
    </ClInclude>
    <ClInclude Include="LoadPng.h">
      <Filter>Renderer\ImageLoader</Filter>
    </ClInclude>
    <ClInclude Include="Sound.h">
      <Filter>Renderer\Sound</Filter>
    </ClInclude>
  </ItemGroup>
  <ItemGroup>
    <ClCompile Include="SimpleGame.cpp">
      <Filter>소스 파일</Filter>
    </ClCompile>
    <ClCompile Include="CRectangle.cpp">
      <Filter>GameObject</Filter>
    </ClCompile>
    <ClCompile Include="GameObject.cpp">
      <Filter>GameObject</Filter>
    </ClCompile>
    <ClCompile Include="SceneMgr.cpp">
      <Filter>Scene</Filter>
    </ClCompile>
    <ClCompile Include="Building.cpp">
      <Filter>GameObject\Building</Filter>
    </ClCompile>
    <ClCompile Include="stdafx.cpp">
      <Filter>PCH</Filter>
    </ClCompile>
    <ClCompile Include="Renderer.cpp">
      <Filter>Renderer</Filter>
    </ClCompile>
    <ClCompile Include="LoadPng.cpp">
      <Filter>Renderer\ImageLoader</Filter>
    </ClCompile>
    <ClCompile Include="Sound.cpp">
      <Filter>Renderer\Sound</Filter>
    </ClCompile>
  </ItemGroup>
  <ItemGroup>
    <None Include="Shaders\SolidRect.fs">
      <Filter>소스 파일\Shaders</Filter>
    </None>
    <None Include="Shaders\SolidRect.vs">
      <Filter>소스 파일\Shaders</Filter>
    </None>
    <None Include="Shaders\SolidRectGauge.fs">
      <Filter>소스 파일\Shaders</Filter>
    </None>
    <None Include="Shaders\SolidRectGauge.vs">
      <Filter>소스 파일\Shaders</Filter>
    </None>
    <None Include="Shaders\SolidRectWithTexture.fs">
      <Filter>소스 파일\Shaders</Filter>
    </None>
    <None Include="Shaders\SolidRectWithTexture.vs">
      <Filter>소스 파일\Shaders</Filter>
    </None>
    <None Include="Shaders\SolidRectWithTextureSeq.fs">
      <Filter>소스 파일\Shaders</Filter>
    </None>
    <None Include="Shaders\SolidRectWithTextureSeq.vs">
      <Filter>소스 파일\Shaders</Filter>
    </None>
    <None Include="Shaders\SolidRectXY.fs">
      <Filter>소스 파일\Shaders</Filter>
    </None>
    <None Include="Shaders\SolidRectXY.vs">
      <Filter>소스 파일\Shaders</Filter>
    </None>
  </ItemGroup>
</Project>